// !$*UTF8*$!
{
	archiveVersion = 1;
	classes = {
	};
	objectVersion = 46;
	objects = {

/* Begin PBXBuildFile section */
		453FFC0F17C7650D00FA4FF2 /* Foundation.framework in Frameworks */ = {isa = PBXBuildFile; fileRef = 453FFC0E17C7650D00FA4FF2 /* Foundation.framework */; };
		453FFC1117C7650D00FA4FF2 /* CoreGraphics.framework in Frameworks */ = {isa = PBXBuildFile; fileRef = 453FFC1017C7650D00FA4FF2 /* CoreGraphics.framework */; };
		453FFC1317C7650D00FA4FF2 /* UIKit.framework in Frameworks */ = {isa = PBXBuildFile; fileRef = 453FFC1217C7650D00FA4FF2 /* UIKit.framework */; };
		453FFC1917C7650D00FA4FF2 /* InfoPlist.strings in Resources */ = {isa = PBXBuildFile; fileRef = 453FFC1717C7650D00FA4FF2 /* InfoPlist.strings */; };
		453FFC1B17C7650D00FA4FF2 /* main.m in Sources */ = {isa = PBXBuildFile; fileRef = 453FFC1A17C7650D00FA4FF2 /* main.m */; };
		453FFC1F17C7650D00FA4FF2 /* TraktrAppDelegate.m in Sources */ = {isa = PBXBuildFile; fileRef = 453FFC1E17C7650D00FA4FF2 /* TraktrAppDelegate.m */; };
		453FFC2217C7650D00FA4FF2 /* Main.storyboard in Resources */ = {isa = PBXBuildFile; fileRef = 453FFC2017C7650D00FA4FF2 /* Main.storyboard */; };
		453FFC2717C7650D00FA4FF2 /* Images.xcassets in Resources */ = {isa = PBXBuildFile; fileRef = 453FFC2617C7650D00FA4FF2 /* Images.xcassets */; };
		453FFC2E17C7650D00FA4FF2 /* XCTest.framework in Frameworks */ = {isa = PBXBuildFile; fileRef = 453FFC2D17C7650D00FA4FF2 /* XCTest.framework */; };
		453FFC2F17C7650D00FA4FF2 /* Foundation.framework in Frameworks */ = {isa = PBXBuildFile; fileRef = 453FFC0E17C7650D00FA4FF2 /* Foundation.framework */; };
		453FFC3017C7650D00FA4FF2 /* UIKit.framework in Frameworks */ = {isa = PBXBuildFile; fileRef = 453FFC1217C7650D00FA4FF2 /* UIKit.framework */; };
		453FFC3817C7650D00FA4FF2 /* InfoPlist.strings in Resources */ = {isa = PBXBuildFile; fileRef = 453FFC3617C7650D00FA4FF2 /* InfoPlist.strings */; };
		453FFC3A17C7650D00FA4FF2 /* Traktr_for_iPhoneTests.m in Sources */ = {isa = PBXBuildFile; fileRef = 453FFC3917C7650D00FA4FF2 /* Traktr_for_iPhoneTests.m */; };
		453FFC4517C7665500FA4FF2 /* TraktrTabBarController.m in Sources */ = {isa = PBXBuildFile; fileRef = 453FFC4417C7665500FA4FF2 /* TraktrTabBarController.m */; };
		453FFC4B17C7689F00FA4FF2 /* TraktrLibraryController.m in Sources */ = {isa = PBXBuildFile; fileRef = 453FFC4A17C7689F00FA4FF2 /* TraktrLibraryController.m */; };
		453FFC4E17C7694B00FA4FF2 /* TraktrLibraryTableController.m in Sources */ = {isa = PBXBuildFile; fileRef = 453FFC4D17C7694B00FA4FF2 /* TraktrLibraryTableController.m */; };
/* End PBXBuildFile section */

/* Begin PBXContainerItemProxy section */
		453FFC3117C7650D00FA4FF2 /* PBXContainerItemProxy */ = {
			isa = PBXContainerItemProxy;
			containerPortal = 453FFC0317C7650D00FA4FF2 /* Project object */;
			proxyType = 1;
			remoteGlobalIDString = 453FFC0A17C7650D00FA4FF2;
			remoteInfo = "Traktr for iPhone";
		};
/* End PBXContainerItemProxy section */

/* Begin PBXFileReference section */
		453FFC0B17C7650D00FA4FF2 /* Traktr.app */ = {isa = PBXFileReference; explicitFileType = wrapper.application; includeInIndex = 0; path = Traktr.app; sourceTree = BUILT_PRODUCTS_DIR; };
		453FFC0E17C7650D00FA4FF2 /* Foundation.framework */ = {isa = PBXFileReference; lastKnownFileType = wrapper.framework; name = Foundation.framework; path = System/Library/Frameworks/Foundation.framework; sourceTree = SDKROOT; };
		453FFC1017C7650D00FA4FF2 /* CoreGraphics.framework */ = {isa = PBXFileReference; lastKnownFileType = wrapper.framework; name = CoreGraphics.framework; path = System/Library/Frameworks/CoreGraphics.framework; sourceTree = SDKROOT; };
		453FFC1217C7650D00FA4FF2 /* UIKit.framework */ = {isa = PBXFileReference; lastKnownFileType = wrapper.framework; name = UIKit.framework; path = System/Library/Frameworks/UIKit.framework; sourceTree = SDKROOT; };
		453FFC1617C7650D00FA4FF2 /* Traktr for iPhone-Info.plist */ = {isa = PBXFileReference; lastKnownFileType = text.plist.xml; path = "Traktr for iPhone-Info.plist"; sourceTree = "<group>"; };
		453FFC1817C7650D00FA4FF2 /* en */ = {isa = PBXFileReference; lastKnownFileType = text.plist.strings; name = en; path = en.lproj/InfoPlist.strings; sourceTree = "<group>"; };
		453FFC1A17C7650D00FA4FF2 /* main.m */ = {isa = PBXFileReference; lastKnownFileType = sourcecode.c.objc; path = main.m; sourceTree = "<group>"; };
		453FFC1C17C7650D00FA4FF2 /* Traktr for iPhone-Prefix.pch */ = {isa = PBXFileReference; lastKnownFileType = sourcecode.c.h; path = "Traktr for iPhone-Prefix.pch"; sourceTree = "<group>"; };
		453FFC1D17C7650D00FA4FF2 /* TraktrAppDelegate.h */ = {isa = PBXFileReference; lastKnownFileType = sourcecode.c.h; path = TraktrAppDelegate.h; sourceTree = "<group>"; };
		453FFC1E17C7650D00FA4FF2 /* TraktrAppDelegate.m */ = {isa = PBXFileReference; lastKnownFileType = sourcecode.c.objc; path = TraktrAppDelegate.m; sourceTree = "<group>"; };
		453FFC2117C7650D00FA4FF2 /* Base */ = {isa = PBXFileReference; lastKnownFileType = file.storyboard; name = Base; path = Base.lproj/Main.storyboard; sourceTree = "<group>"; };
		453FFC2617C7650D00FA4FF2 /* Images.xcassets */ = {isa = PBXFileReference; lastKnownFileType = folder.assetcatalog; path = Images.xcassets; sourceTree = "<group>"; };
		453FFC2C17C7650D00FA4FF2 /* Traktr for iPhoneTests.xctest */ = {isa = PBXFileReference; explicitFileType = wrapper.cfbundle; includeInIndex = 0; path = "Traktr for iPhoneTests.xctest"; sourceTree = BUILT_PRODUCTS_DIR; };
		453FFC2D17C7650D00FA4FF2 /* XCTest.framework */ = {isa = PBXFileReference; lastKnownFileType = wrapper.framework; name = XCTest.framework; path = Library/Frameworks/XCTest.framework; sourceTree = DEVELOPER_DIR; };
		453FFC3517C7650D00FA4FF2 /* Traktr for iPhoneTests-Info.plist */ = {isa = PBXFileReference; lastKnownFileType = text.plist.xml; path = "Traktr for iPhoneTests-Info.plist"; sourceTree = "<group>"; };
		453FFC3717C7650D00FA4FF2 /* en */ = {isa = PBXFileReference; lastKnownFileType = text.plist.strings; name = en; path = en.lproj/InfoPlist.strings; sourceTree = "<group>"; };
		453FFC3917C7650D00FA4FF2 /* Traktr_for_iPhoneTests.m */ = {isa = PBXFileReference; lastKnownFileType = sourcecode.c.objc; path = Traktr_for_iPhoneTests.m; sourceTree = "<group>"; };
		453FFC4317C7665500FA4FF2 /* TraktrTabBarController.h */ = {isa = PBXFileReference; fileEncoding = 4; lastKnownFileType = sourcecode.c.h; path = TraktrTabBarController.h; sourceTree = "<group>"; };
		453FFC4417C7665500FA4FF2 /* TraktrTabBarController.m */ = {isa = PBXFileReference; fileEncoding = 4; lastKnownFileType = sourcecode.c.objc; path = TraktrTabBarController.m; sourceTree = "<group>"; };
		453FFC4917C7689F00FA4FF2 /* TraktrLibraryController.h */ = {isa = PBXFileReference; fileEncoding = 4; lastKnownFileType = sourcecode.c.h; name = TraktrLibraryController.h; path = ../TraktrLibraryController.h; sourceTree = "<group>"; };
		453FFC4A17C7689F00FA4FF2 /* TraktrLibraryController.m */ = {isa = PBXFileReference; fileEncoding = 4; lastKnownFileType = sourcecode.c.objc; name = TraktrLibraryController.m; path = ../TraktrLibraryController.m; sourceTree = "<group>"; };
		453FFC4C17C7694B00FA4FF2 /* TraktrLibraryTableController.h */ = {isa = PBXFileReference; fileEncoding = 4; lastKnownFileType = sourcecode.c.h; path = TraktrLibraryTableController.h; sourceTree = "<group>"; };
		453FFC4D17C7694B00FA4FF2 /* TraktrLibraryTableController.m */ = {isa = PBXFileReference; fileEncoding = 4; lastKnownFileType = sourcecode.c.objc; path = TraktrLibraryTableController.m; sourceTree = "<group>"; };
/* End PBXFileReference section */

/* Begin PBXFrameworksBuildPhase section */
		453FFC0817C7650D00FA4FF2 /* Frameworks */ = {
			isa = PBXFrameworksBuildPhase;
			buildActionMask = 2147483647;
			files = (
				453FFC1117C7650D00FA4FF2 /* CoreGraphics.framework in Frameworks */,
				453FFC1317C7650D00FA4FF2 /* UIKit.framework in Frameworks */,
				453FFC0F17C7650D00FA4FF2 /* Foundation.framework in Frameworks */,
			);
			runOnlyForDeploymentPostprocessing = 0;
		};
		453FFC2917C7650D00FA4FF2 /* Frameworks */ = {
			isa = PBXFrameworksBuildPhase;
			buildActionMask = 2147483647;
			files = (
				453FFC2E17C7650D00FA4FF2 /* XCTest.framework in Frameworks */,
				453FFC3017C7650D00FA4FF2 /* UIKit.framework in Frameworks */,
				453FFC2F17C7650D00FA4FF2 /* Foundation.framework in Frameworks */,
			);
			runOnlyForDeploymentPostprocessing = 0;
		};
/* End PBXFrameworksBuildPhase section */

/* Begin PBXGroup section */
		453FFC0217C7650D00FA4FF2 = {
			isa = PBXGroup;
			children = (
				453FFC1417C7650D00FA4FF2 /* Traktr for iPhone */,
				453FFC3317C7650D00FA4FF2 /* Traktr for iPhoneTests */,
				453FFC0D17C7650D00FA4FF2 /* Frameworks */,
				453FFC0C17C7650D00FA4FF2 /* Products */,
			);
			sourceTree = "<group>";
		};
		453FFC0C17C7650D00FA4FF2 /* Products */ = {
			isa = PBXGroup;
			children = (
				453FFC0B17C7650D00FA4FF2 /* Traktr.app */,
				453FFC2C17C7650D00FA4FF2 /* Traktr for iPhoneTests.xctest */,
			);
			name = Products;
			sourceTree = "<group>";
		};
		453FFC0D17C7650D00FA4FF2 /* Frameworks */ = {
			isa = PBXGroup;
			children = (
				453FFC0E17C7650D00FA4FF2 /* Foundation.framework */,
				453FFC1017C7650D00FA4FF2 /* CoreGraphics.framework */,
				453FFC1217C7650D00FA4FF2 /* UIKit.framework */,
				453FFC2D17C7650D00FA4FF2 /* XCTest.framework */,
			);
			name = Frameworks;
			sourceTree = "<group>";
		};
		453FFC1417C7650D00FA4FF2 /* Traktr for iPhone */ = {
			isa = PBXGroup;
			children = (
				453FFC4917C7689F00FA4FF2 /* TraktrLibraryController.h */,
				453FFC4A17C7689F00FA4FF2 /* TraktrLibraryController.m */,
				453FFC1D17C7650D00FA4FF2 /* TraktrAppDelegate.h */,
				453FFC1E17C7650D00FA4FF2 /* TraktrAppDelegate.m */,
				453FFC2017C7650D00FA4FF2 /* Main.storyboard */,
				453FFC4C17C7694B00FA4FF2 /* TraktrLibraryTableController.h */,
				453FFC4D17C7694B00FA4FF2 /* TraktrLibraryTableController.m */,
				453FFC4317C7665500FA4FF2 /* TraktrTabBarController.h */,
				453FFC4417C7665500FA4FF2 /* TraktrTabBarController.m */,
				453FFC2617C7650D00FA4FF2 /* Images.xcassets */,
				453FFC1517C7650D00FA4FF2 /* Supporting Files */,
			);
			path = "Traktr for iPhone";
			sourceTree = "<group>";
		};
		453FFC1517C7650D00FA4FF2 /* Supporting Files */ = {
			isa = PBXGroup;
			children = (
				453FFC1617C7650D00FA4FF2 /* Traktr for iPhone-Info.plist */,
				453FFC1717C7650D00FA4FF2 /* InfoPlist.strings */,
				453FFC1A17C7650D00FA4FF2 /* main.m */,
				453FFC1C17C7650D00FA4FF2 /* Traktr for iPhone-Prefix.pch */,
			);
			name = "Supporting Files";
			sourceTree = "<group>";
		};
		453FFC3317C7650D00FA4FF2 /* Traktr for iPhoneTests */ = {
			isa = PBXGroup;
			children = (
				453FFC3917C7650D00FA4FF2 /* Traktr_for_iPhoneTests.m */,
				453FFC3417C7650D00FA4FF2 /* Supporting Files */,
			);
			path = "Traktr for iPhoneTests";
			sourceTree = "<group>";
		};
		453FFC3417C7650D00FA4FF2 /* Supporting Files */ = {
			isa = PBXGroup;
			children = (
				453FFC3517C7650D00FA4FF2 /* Traktr for iPhoneTests-Info.plist */,
				453FFC3617C7650D00FA4FF2 /* InfoPlist.strings */,
			);
			name = "Supporting Files";
			sourceTree = "<group>";
		};
/* End PBXGroup section */

/* Begin PBXNativeTarget section */
		453FFC0A17C7650D00FA4FF2 /* Traktr for iPhone */ = {
			isa = PBXNativeTarget;
			buildConfigurationList = 453FFC3D17C7650D00FA4FF2 /* Build configuration list for PBXNativeTarget "Traktr for iPhone" */;
			buildPhases = (
				453FFC0717C7650D00FA4FF2 /* Sources */,
				453FFC0817C7650D00FA4FF2 /* Frameworks */,
				453FFC0917C7650D00FA4FF2 /* Resources */,
			);
			buildRules = (
			);
			dependencies = (
			);
			name = "Traktr for iPhone";
			productName = "Traktr for iPhone";
			productReference = 453FFC0B17C7650D00FA4FF2 /* Traktr.app */;
			productType = "com.apple.product-type.application";
		};
		453FFC2B17C7650D00FA4FF2 /* Traktr for iPhoneTests */ = {
			isa = PBXNativeTarget;
			buildConfigurationList = 453FFC4017C7650D00FA4FF2 /* Build configuration list for PBXNativeTarget "Traktr for iPhoneTests" */;
			buildPhases = (
				453FFC2817C7650D00FA4FF2 /* Sources */,
				453FFC2917C7650D00FA4FF2 /* Frameworks */,
				453FFC2A17C7650D00FA4FF2 /* Resources */,
			);
			buildRules = (
			);
			dependencies = (
				453FFC3217C7650D00FA4FF2 /* PBXTargetDependency */,
			);
			name = "Traktr for iPhoneTests";
			productName = "Traktr for iPhoneTests";
			productReference = 453FFC2C17C7650D00FA4FF2 /* Traktr for iPhoneTests.xctest */;
			productType = "com.apple.product-type.bundle.unit-test";
		};
/* End PBXNativeTarget section */

/* Begin PBXProject section */
		453FFC0317C7650D00FA4FF2 /* Project object */ = {
			isa = PBXProject;
			attributes = {
				CLASSPREFIX = Traktr;
				LastUpgradeCheck = 0500;
				ORGANIZATIONNAME = "Atharv Vaish";
				TargetAttributes = {
					453FFC0A17C7650D00FA4FF2 = {
						DevelopmentTeam = WFA83R9TQA;
					};
					453FFC2B17C7650D00FA4FF2 = {
						TestTargetID = 453FFC0A17C7650D00FA4FF2;
					};
				};
			};
			buildConfigurationList = 453FFC0617C7650D00FA4FF2 /* Build configuration list for PBXProject "Traktr for iPhone" */;
			compatibilityVersion = "Xcode 3.2";
			developmentRegion = English;
			hasScannedForEncodings = 0;
			knownRegions = (
				en,
				Base,
			);
			mainGroup = 453FFC0217C7650D00FA4FF2;
			productRefGroup = 453FFC0C17C7650D00FA4FF2 /* Products */;
			projectDirPath = "";
			projectRoot = "";
			targets = (
				453FFC0A17C7650D00FA4FF2 /* Traktr for iPhone */,
				453FFC2B17C7650D00FA4FF2 /* Traktr for iPhoneTests */,
			);
		};
/* End PBXProject section */

/* Begin PBXResourcesBuildPhase section */
		453FFC0917C7650D00FA4FF2 /* Resources */ = {
			isa = PBXResourcesBuildPhase;
			buildActionMask = 2147483647;
			files = (
				453FFC2717C7650D00FA4FF2 /* Images.xcassets in Resources */,
				453FFC1917C7650D00FA4FF2 /* InfoPlist.strings in Resources */,
				453FFC2217C7650D00FA4FF2 /* Main.storyboard in Resources */,
			);
			runOnlyForDeploymentPostprocessing = 0;
		};
		453FFC2A17C7650D00FA4FF2 /* Resources */ = {
			isa = PBXResourcesBuildPhase;
			buildActionMask = 2147483647;
			files = (
				453FFC3817C7650D00FA4FF2 /* InfoPlist.strings in Resources */,
			);
			runOnlyForDeploymentPostprocessing = 0;
		};
/* End PBXResourcesBuildPhase section */

/* Begin PBXSourcesBuildPhase section */
		453FFC0717C7650D00FA4FF2 /* Sources */ = {
			isa = PBXSourcesBuildPhase;
			buildActionMask = 2147483647;
			files = (
				453FFC1F17C7650D00FA4FF2 /* TraktrAppDelegate.m in Sources */,
				453FFC4E17C7694B00FA4FF2 /* TraktrLibraryTableController.m in Sources */,
				453FFC4B17C7689F00FA4FF2 /* TraktrLibraryController.m in Sources */,
				453FFC1B17C7650D00FA4FF2 /* main.m in Sources */,
				453FFC4517C7665500FA4FF2 /* TraktrTabBarController.m in Sources */,
			);
			runOnlyForDeploymentPostprocessing = 0;
		};
		453FFC2817C7650D00FA4FF2 /* Sources */ = {
			isa = PBXSourcesBuildPhase;
			buildActionMask = 2147483647;
			files = (
				453FFC3A17C7650D00FA4FF2 /* Traktr_for_iPhoneTests.m in Sources */,
			);
			runOnlyForDeploymentPostprocessing = 0;
		};
/* End PBXSourcesBuildPhase section */

/* Begin PBXTargetDependency section */
		453FFC3217C7650D00FA4FF2 /* PBXTargetDependency */ = {
			isa = PBXTargetDependency;
			target = 453FFC0A17C7650D00FA4FF2 /* Traktr for iPhone */;
			targetProxy = 453FFC3117C7650D00FA4FF2 /* PBXContainerItemProxy */;
		};
/* End PBXTargetDependency section */

/* Begin PBXVariantGroup section */
		453FFC1717C7650D00FA4FF2 /* InfoPlist.strings */ = {
			isa = PBXVariantGroup;
			children = (
				453FFC1817C7650D00FA4FF2 /* en */,
			);
			name = InfoPlist.strings;
			sourceTree = "<group>";
		};
		453FFC2017C7650D00FA4FF2 /* Main.storyboard */ = {
			isa = PBXVariantGroup;
			children = (
				453FFC2117C7650D00FA4FF2 /* Base */,
			);
			name = Main.storyboard;
			sourceTree = "<group>";
		};
		453FFC3617C7650D00FA4FF2 /* InfoPlist.strings */ = {
			isa = PBXVariantGroup;
			children = (
				453FFC3717C7650D00FA4FF2 /* en */,
			);
			name = InfoPlist.strings;
			sourceTree = "<group>";
		};
/* End PBXVariantGroup section */

/* Begin XCBuildConfiguration section */
		453FFC3B17C7650D00FA4FF2 /* Debug */ = {
			isa = XCBuildConfiguration;
			buildSettings = {
				ALWAYS_SEARCH_USER_PATHS = NO;
				CLANG_CXX_LANGUAGE_STANDARD = "gnu++0x";
				CLANG_CXX_LIBRARY = "libc++";
				CLANG_ENABLE_MODULES = YES;
				CLANG_ENABLE_OBJC_ARC = YES;
				CLANG_WARN_BOOL_CONVERSION = YES;
				CLANG_WARN_CONSTANT_CONVERSION = YES;
				CLANG_WARN_DIRECT_OBJC_ISA_USAGE = YES_ERROR;
				CLANG_WARN_EMPTY_BODY = YES;
				CLANG_WARN_ENUM_CONVERSION = YES;
				CLANG_WARN_INT_CONVERSION = YES;
				CLANG_WARN_OBJC_ROOT_CLASS = YES_ERROR;
				CLANG_WARN__DUPLICATE_METHOD_MATCH = YES;
				"CODE_SIGN_IDENTITY[sdk=iphoneos*]" = "iPhone Developer";
				COPY_PHASE_STRIP = NO;
				GCC_C_LANGUAGE_STANDARD = gnu99;
				GCC_DYNAMIC_NO_PIC = NO;
				GCC_OPTIMIZATION_LEVEL = 0;
				GCC_PREPROCESSOR_DEFINITIONS = (
					"DEBUG=1",
					"$(inherited)",
				);
				GCC_SYMBOLS_PRIVATE_EXTERN = NO;
				GCC_WARN_ABOUT_RETURN_TYPE = YES_ERROR;
				GCC_WARN_UNDECLARED_SELECTOR = YES;
				GCC_WARN_UNINITIALIZED_AUTOS = YES;
				GCC_WARN_UNUSED_FUNCTION = YES;
				GCC_WARN_UNUSED_VARIABLE = YES;
				IPHONEOS_DEPLOYMENT_TARGET = 7.0;
				ONLY_ACTIVE_ARCH = YES;
				SDKROOT = iphoneos;
			};
			name = Debug;
		};
		453FFC3C17C7650D00FA4FF2 /* Release */ = {
			isa = XCBuildConfiguration;
			buildSettings = {
				ALWAYS_SEARCH_USER_PATHS = NO;
				CLANG_CXX_LANGUAGE_STANDARD = "gnu++0x";
				CLANG_CXX_LIBRARY = "libc++";
				CLANG_ENABLE_MODULES = YES;
				CLANG_ENABLE_OBJC_ARC = YES;
				CLANG_WARN_BOOL_CONVERSION = YES;
				CLANG_WARN_CONSTANT_CONVERSION = YES;
				CLANG_WARN_DIRECT_OBJC_ISA_USAGE = YES_ERROR;
				CLANG_WARN_EMPTY_BODY = YES;
				CLANG_WARN_ENUM_CONVERSION = YES;
				CLANG_WARN_INT_CONVERSION = YES;
				CLANG_WARN_OBJC_ROOT_CLASS = YES_ERROR;
				CLANG_WARN__DUPLICATE_METHOD_MATCH = YES;
				"CODE_SIGN_IDENTITY[sdk=iphoneos*]" = "iPhone Developer";
				COPY_PHASE_STRIP = YES;
				ENABLE_NS_ASSERTIONS = NO;
				GCC_C_LANGUAGE_STANDARD = gnu99;
				GCC_WARN_ABOUT_RETURN_TYPE = YES_ERROR;
				GCC_WARN_UNDECLARED_SELECTOR = YES;
				GCC_WARN_UNINITIALIZED_AUTOS = YES;
				GCC_WARN_UNUSED_FUNCTION = YES;
				GCC_WARN_UNUSED_VARIABLE = YES;
				IPHONEOS_DEPLOYMENT_TARGET = 7.0;
				SDKROOT = iphoneos;
				VALIDATE_PRODUCT = YES;
			};
			name = Release;
		};
		453FFC3E17C7650D00FA4FF2 /* Debug */ = {
			isa = XCBuildConfiguration;
			buildSettings = {
				ASSETCATALOG_COMPILER_APPICON_NAME = AppIcon;
				ASSETCATALOG_COMPILER_LAUNCHIMAGE_NAME = LaunchImage;
				CODE_SIGN_IDENTITY = "iPhone Developer";
				"CODE_SIGN_IDENTITY[sdk=iphoneos*]" = "iPhone Developer";
				GCC_PRECOMPILE_PREFIX_HEADER = YES;
				GCC_PREFIX_HEADER = "Traktr for iPhone/Traktr for iPhone-Prefix.pch";
				INFOPLIST_FILE = "Traktr for iPhone/Traktr for iPhone-Info.plist";
				PRODUCT_NAME = Traktr;
				PROVISIONING_PROFILE = "";
				WRAPPER_EXTENSION = app;
			};
			name = Debug;
		};
		453FFC3F17C7650D00FA4FF2 /* Release */ = {
			isa = XCBuildConfiguration;
			buildSettings = {
				ASSETCATALOG_COMPILER_APPICON_NAME = AppIcon;
				ASSETCATALOG_COMPILER_LAUNCHIMAGE_NAME = LaunchImage;
				CODE_SIGN_IDENTITY = "iPhone Developer";
				"CODE_SIGN_IDENTITY[sdk=iphoneos*]" = "iPhone Developer";
				GCC_PRECOMPILE_PREFIX_HEADER = YES;
				GCC_PREFIX_HEADER = "Traktr for iPhone/Traktr for iPhone-Prefix.pch";
				INFOPLIST_FILE = "Traktr for iPhone/Traktr for iPhone-Info.plist";
				PRODUCT_NAME = Traktr;
				PROVISIONING_PROFILE = "";
				WRAPPER_EXTENSION = app;
			};
			name = Release;
		};
		453FFC4117C7650D00FA4FF2 /* Debug */ = {
			isa = XCBuildConfiguration;
			buildSettings = {
				BUNDLE_LOADER = "$(BUILT_PRODUCTS_DIR)/Traktr for iPhone.app/Traktr for iPhone";
				FRAMEWORK_SEARCH_PATHS = (
					"$(SDKROOT)/Developer/Library/Frameworks",
					"$(inherited)",
					"$(DEVELOPER_FRAMEWORKS_DIR)",
				);
				GCC_PRECOMPILE_PREFIX_HEADER = YES;
				GCC_PREFIX_HEADER = "Traktr for iPhone/Traktr for iPhone-Prefix.pch";
				GCC_PREPROCESSOR_DEFINITIONS = (
					"DEBUG=1",
					"$(inherited)",
				);
				INFOPLIST_FILE = "Traktr for iPhoneTests/Traktr for iPhoneTests-Info.plist";
				PRODUCT_NAME = "$(TARGET_NAME)";
				TEST_HOST = "$(BUNDLE_LOADER)";
				WRAPPER_EXTENSION = xctest;
			};
			name = Debug;
		};
		453FFC4217C7650D00FA4FF2 /* Release */ = {
			isa = XCBuildConfiguration;
			buildSettings = {
				BUNDLE_LOADER = "$(BUILT_PRODUCTS_DIR)/Traktr for iPhone.app/Traktr for iPhone";
				FRAMEWORK_SEARCH_PATHS = (
					"$(SDKROOT)/Developer/Library/Frameworks",
					"$(inherited)",
					"$(DEVELOPER_FRAMEWORKS_DIR)",
				);
				GCC_PRECOMPILE_PREFIX_HEADER = YES;
				GCC_PREFIX_HEADER = "Traktr for iPhone/Traktr for iPhone-Prefix.pch";
				INFOPLIST_FILE = "Traktr for iPhoneTests/Traktr for iPhoneTests-Info.plist";
				PRODUCT_NAME = "$(TARGET_NAME)";
				TEST_HOST = "$(BUNDLE_LOADER)";
				WRAPPER_EXTENSION = xctest;
			};
			name = Release;
		};
/* End XCBuildConfiguration section */

/* Begin XCConfigurationList section */
		453FFC0617C7650D00FA4FF2 /* Build configuration list for PBXProject "Traktr for iPhone" */ = {
			isa = XCConfigurationList;
			buildConfigurations = (
				453FFC3B17C7650D00FA4FF2 /* Debug */,
				453FFC3C17C7650D00FA4FF2 /* Release */,
			);
			defaultConfigurationIsVisible = 0;
			defaultConfigurationName = Release;
		};
		453FFC3D17C7650D00FA4FF2 /* Build configuration list for PBXNativeTarget "Traktr for iPhone" */ = {
			isa = XCConfigurationList;
			buildConfigurations = (
				453FFC3E17C7650D00FA4FF2 /* Debug */,
				453FFC3F17C7650D00FA4FF2 /* Release */,
			);
			defaultConfigurationIsVisible = 0;
		};
		453FFC4017C7650D00FA4FF2 /* Build configuration list for PBXNativeTarget "Traktr for iPhoneTests" */ = {
			isa = XCConfigurationList;
			buildConfigurations = (
				453FFC4117C7650D00FA4FF2 /* Debug */,
				453FFC4217C7650D00FA4FF2 /* Release */,
			);
			defaultConfigurationIsVisible = 0;
		};
/* End XCConfigurationList section */
	};
	rootObject = 453FFC0317C7650D00FA4FF2 /* Project object */;
}
